
Microsoft Visual Studio Solution File, Format Version 12.00
# Visual Studio Version 16
VisualStudioVersion = 16.0.32929.386
MinimumVisualStudioVersion = 10.0.40219.1
Project("{8BC9CEB8-8B4A-11D0-8D11-00A0C91BC942}") = "PanN", "PanN\PanN.vcxproj", "{60835FCD-BB1A-478C-8B1B-766E14987F23}"
EndProject
Project("{8BC9CEB8-8B4A-11D0-8D11-00A0C91BC942}") = "ABSaturator", "ABSaturator\ABSaturator.vcxproj", "{6D62FA93-F49A-4D42-82AF-F5ABED6B5678}"
EndProject
Project("{8BC9CEB8-8B4A-11D0-8D11-00A0C91BC942}") = "Bitcrusher", "Bitcrusher\Bitcrusher.vcxproj", "{DBB9C041-D133-4016-BA1C-61B3ED1B4FE5}"
EndProject
Project("{8BC9CEB8-8B4A-11D0-8D11-00A0C91BC942}") = "FIR", "FIR\FIR.vcxproj", "{80E271F7-CD51-414A-9D81-0D06792BBBA3}"
EndProject
Project("{8BC9CEB8-8B4A-11D0-8D11-00A0C91BC942}") = "KasFilter", "KasFilter\KasFilter.vcxproj", "{12F17D5F-69A5-497D-A510-F0B085EB8F73}"
EndProject
Project("{8BC9CEB8-8B4A-11D0-8D11-00A0C91BC942}") = "MagicSine", "MagicSine\MagicSine.vcxproj", "{60BF80FB-A180-4103-BFEE-A52C6730FE9C}"
EndProject
Project("{8BC9CEB8-8B4A-11D0-8D11-00A0C91BC942}") = "Elliptic", "Elliptic\Elliptic.vcxproj", "{4245F2DB-9F68-4F90-B976-A38AEE16FE75}"
EndProject
Project("{8BC9CEB8-8B4A-11D0-8D11-00A0C91BC942}") = "GVerb", "GVerb\GVerb.vcxproj", "{818DF75D-345C-481A-8265-C723784F0F4A}"
EndProject
Project("{8BC9CEB8-8B4A-11D0-8D11-00A0C91BC942}") = "Mesh2D", "Mesh2D\Mesh2D.vcxproj", "{6B4C1420-CD0A-401B-BF70-AA58685958C6}"
EndProject
Project("{8BC9CEB8-8B4A-11D0-8D11-00A0C91BC942}") = "PitchTrack", "PitchTrack\PitchTrack.vcxproj", "{84C0BCA4-D074-48FC-8A19-6151CC996451}"
EndProject
Project("{8BC9CEB8-8B4A-11D0-8D11-00A0C91BC942}") = "Spectacle", "Spectacle\Spectacle.vcxproj", "{DF4966AA-0E33-4A77-B985-3EAC04DEAE42}"
EndProject
Project("{8BC9CEB8-8B4A-11D0-8D11-00A0C91BC942}") = "AmbPan", "AmbPan\AmbPan.vcxproj", "{155802F5-F93A-4E98-B4F3-08B8C63FCD88}"
EndProject
Project("{8BC9CEB8-8B4A-11D0-8D11-00A0C91BC942}") = "Binaural", "Binaural\Binaural.vcxproj", "{440B35F5-F200-4B5E-AA9F-12300484BA25}"
EndProject
Project("{8BC9CEB8-8B4A-11D0-8D11-00A0C91BC942}") = "ExpDelay", "ExpDelay\ExpDelay.vcxproj", "{2AD21D8F-FEFC-411A-A9F4-4A0961E13BA0}"
EndProject
Project("{8BC9CEB8-8B4A-11D0-8D11-00A0C91BC942}") = "ExpEnv", "ExpEnv\ExpEnv.vcxproj", "{6873BEC5-87E3-403C-AB85-D68BD1BCD253}"
EndProject
Project("{8BC9CEB8-8B4A-11D0-8D11-00A0C91BC942}") = "FoldbackSaturator", "FoldbackSaturator\FoldbackSaturator.vcxproj", "{0B3D5F07-D573-4C71-812F-D5FB747CBFDF}"
EndProject
Project("{8BC9CEB8-8B4A-11D0-8D11-00A0C91BC942}") = "Multicomb", "Multicomb\Multicomb.vcxproj", "{523994A7-84D9-49EF-BF95-10A717D776B9}"
EndProject
Project("{8BC9CEB8-8B4A-11D0-8D11-00A0C91BC942}") = "Perlin", "Perlin\Perlin.vcxproj", "{5C9FD95E-DBDA-480B-A181-CA87FB9A88B5}"
EndProject
Project("{8BC9CEB8-8B4A-11D0-8D11-00A0C91BC942}") = "PowerADSR", "PowerADSR\PowerADSR.vcxproj", "{3ABDEB24-0F9A-4B9A-AE61-528B356AB3A9}"
EndProject
Project("{8BC9CEB8-8B4A-11D0-8D11-00A0C91BC942}") = "Random", "Random\Random.vcxproj", "{2496DF84-1D4E-4860-9072-38047C37F5B6}"
EndProject
Project("{8BC9CEB8-8B4A-11D0-8D11-00A0C91BC942}") = "Sigmund", "Sigmund\Sigmund.vcxproj", "{CB7C6619-BFDC-4F0D-A4C9-B24B3D00C773}"
EndProject
Project("{8BC9CEB8-8B4A-11D0-8D11-00A0C91BC942}") = "Wavetable", "Wavetable\Wavetable.vcxproj", "{FACDD773-5458-4B73-9364-5C67B8FFC3F4}"
EndProject
Project("{8BC9CEB8-8B4A-11D0-8D11-00A0C91BC942}") = "WinFuncEnv", "WinFuncEnv\WinFuncEnv.vcxproj", "{44F55D26-4477-4748-A98F-2769A0EC1775}"
EndProject
Project("{8BC9CEB8-8B4A-11D0-8D11-00A0C91BC942}") = "WPDiodeLadder", "WPDiodeLadder\WPDiodeLadder.vcxproj", "{9D8437D9-5D6D-4D01-8EB0-06072C8290C6}"
EndProject
Project("{8BC9CEB8-8B4A-11D0-8D11-00A0C91BC942}") = "WPKorg35", "WPKorg35\WPKorg35.vcxproj", "{65CFF1C6-A32C-46DA-91F0-C99E498182C4}"
EndProject
Project("{8BC9CEB8-8B4A-11D0-8D11-00A0C91BC942}") = "Overdrive", "Overdrive\Overdrive.vcxproj", "{96B7FC6E-AB4C-4688-AFC9-C27BC57331E6}"
EndProject
Project("{8BC9CEB8-8B4A-11D0-8D11-00A0C91BC942}") = "RegEx", "RegEx\RegEx.vcxproj", "{9DD847B4-603E-4736-AC74-5B9C60D8140C}"
EndProject
Global
	GlobalSection(SolutionConfigurationPlatforms) = preSolution
		Debug|Win32 = Debug|Win32
		Debug|x64 = Debug|x64
		Release|Win32 = Release|Win32
		Release|x64 = Release|x64
	EndGlobalSection
	GlobalSection(ProjectConfigurationPlatforms) = postSolution
		{60835FCD-BB1A-478C-8B1B-766E14987F23}.Debug|Win32.ActiveCfg = Debug|Win32
		{60835FCD-BB1A-478C-8B1B-766E14987F23}.Debug|Win32.Build.0 = Debug|Win32
		{60835FCD-BB1A-478C-8B1B-766E14987F23}.Debug|x64.ActiveCfg = Debug|x64
		{60835FCD-BB1A-478C-8B1B-766E14987F23}.Debug|x64.Build.0 = Debug|x64
		{60835FCD-BB1A-478C-8B1B-766E14987F23}.Release|Win32.ActiveCfg = Release|Win32
		{60835FCD-BB1A-478C-8B1B-766E14987F23}.Release|Win32.Build.0 = Release|Win32
		{60835FCD-BB1A-478C-8B1B-766E14987F23}.Release|x64.ActiveCfg = Release|x64
		{60835FCD-BB1A-478C-8B1B-766E14987F23}.Release|x64.Build.0 = Release|x64
		{6D62FA93-F49A-4D42-82AF-F5ABED6B5678}.Debug|Win32.ActiveCfg = Debug|Win32
		{6D62FA93-F49A-4D42-82AF-F5ABED6B5678}.Debug|Win32.Build.0 = Debug|Win32
		{6D62FA93-F49A-4D42-82AF-F5ABED6B5678}.Debug|x64.ActiveCfg = Debug|x64
		{6D62FA93-F49A-4D42-82AF-F5ABED6B5678}.Debug|x64.Build.0 = Debug|x64
		{6D62FA93-F49A-4D42-82AF-F5ABED6B5678}.Release|Win32.ActiveCfg = Release|Win32
		{6D62FA93-F49A-4D42-82AF-F5ABED6B5678}.Release|Win32.Build.0 = Release|Win32
		{6D62FA93-F49A-4D42-82AF-F5ABED6B5678}.Release|x64.ActiveCfg = Release|x64
		{6D62FA93-F49A-4D42-82AF-F5ABED6B5678}.Release|x64.Build.0 = Release|x64
		{DBB9C041-D133-4016-BA1C-61B3ED1B4FE5}.Debug|Win32.ActiveCfg = Debug|Win32
		{DBB9C041-D133-4016-BA1C-61B3ED1B4FE5}.Debug|Win32.Build.0 = Debug|Win32
		{DBB9C041-D133-4016-BA1C-61B3ED1B4FE5}.Debug|x64.ActiveCfg = Debug|x64
		{DBB9C041-D133-4016-BA1C-61B3ED1B4FE5}.Debug|x64.Build.0 = Debug|x64
		{DBB9C041-D133-4016-BA1C-61B3ED1B4FE5}.Release|Win32.ActiveCfg = Release|Win32
		{DBB9C041-D133-4016-BA1C-61B3ED1B4FE5}.Release|Win32.Build.0 = Release|Win32
		{DBB9C041-D133-4016-BA1C-61B3ED1B4FE5}.Release|x64.ActiveCfg = Release|x64
		{DBB9C041-D133-4016-BA1C-61B3ED1B4FE5}.Release|x64.Build.0 = Release|x64
		{80E271F7-CD51-414A-9D81-0D06792BBBA3}.Debug|Win32.ActiveCfg = Debug|Win32
		{80E271F7-CD51-414A-9D81-0D06792BBBA3}.Debug|Win32.Build.0 = Debug|Win32
		{80E271F7-CD51-414A-9D81-0D06792BBBA3}.Debug|x64.ActiveCfg = Debug|x64
		{80E271F7-CD51-414A-9D81-0D06792BBBA3}.Debug|x64.Build.0 = Debug|x64
		{80E271F7-CD51-414A-9D81-0D06792BBBA3}.Release|Win32.ActiveCfg = Release|Win32
		{80E271F7-CD51-414A-9D81-0D06792BBBA3}.Release|Win32.Build.0 = Release|Win32
		{80E271F7-CD51-414A-9D81-0D06792BBBA3}.Release|x64.ActiveCfg = Release|x64
		{80E271F7-CD51-414A-9D81-0D06792BBBA3}.Release|x64.Build.0 = Release|x64
		{12F17D5F-69A5-497D-A510-F0B085EB8F73}.Debug|Win32.ActiveCfg = Debug|Win32
		{12F17D5F-69A5-497D-A510-F0B085EB8F73}.Debug|Win32.Build.0 = Debug|Win32
		{12F17D5F-69A5-497D-A510-F0B085EB8F73}.Debug|x64.ActiveCfg = Debug|x64
		{12F17D5F-69A5-497D-A510-F0B085EB8F73}.Debug|x64.Build.0 = Debug|x64
		{12F17D5F-69A5-497D-A510-F0B085EB8F73}.Release|Win32.ActiveCfg = Release|Win32
		{12F17D5F-69A5-497D-A510-F0B085EB8F73}.Release|Win32.Build.0 = Release|Win32
		{12F17D5F-69A5-497D-A510-F0B085EB8F73}.Release|x64.ActiveCfg = Release|x64
		{12F17D5F-69A5-497D-A510-F0B085EB8F73}.Release|x64.Build.0 = Release|x64
		{60BF80FB-A180-4103-BFEE-A52C6730FE9C}.Debug|Win32.ActiveCfg = Debug|Win32
		{60BF80FB-A180-4103-BFEE-A52C6730FE9C}.Debug|Win32.Build.0 = Debug|Win32
		{60BF80FB-A180-4103-BFEE-A52C6730FE9C}.Debug|x64.ActiveCfg = Debug|x64
		{60BF80FB-A180-4103-BFEE-A52C6730FE9C}.Debug|x64.Build.0 = Debug|x64
		{60BF80FB-A180-4103-BFEE-A52C6730FE9C}.Release|Win32.ActiveCfg = Release|Win32
		{60BF80FB-A180-4103-BFEE-A52C6730FE9C}.Release|Win32.Build.0 = Release|Win32
		{60BF80FB-A180-4103-BFEE-A52C6730FE9C}.Release|x64.ActiveCfg = Release|x64
		{60BF80FB-A180-4103-BFEE-A52C6730FE9C}.Release|x64.Build.0 = Release|x64
		{4245F2DB-9F68-4F90-B976-A38AEE16FE75}.Debug|Win32.ActiveCfg = Debug|Win32
		{4245F2DB-9F68-4F90-B976-A38AEE16FE75}.Debug|Win32.Build.0 = Debug|Win32
		{4245F2DB-9F68-4F90-B976-A38AEE16FE75}.Debug|x64.ActiveCfg = Debug|x64
		{4245F2DB-9F68-4F90-B976-A38AEE16FE75}.Debug|x64.Build.0 = Debug|x64
		{4245F2DB-9F68-4F90-B976-A38AEE16FE75}.Release|Win32.ActiveCfg = Release|Win32
		{4245F2DB-9F68-4F90-B976-A38AEE16FE75}.Release|Win32.Build.0 = Release|Win32
		{4245F2DB-9F68-4F90-B976-A38AEE16FE75}.Release|x64.ActiveCfg = Release|x64
		{4245F2DB-9F68-4F90-B976-A38AEE16FE75}.Release|x64.Build.0 = Release|x64
		{818DF75D-345C-481A-8265-C723784F0F4A}.Debug|Win32.ActiveCfg = Debug|Win32
		{818DF75D-345C-481A-8265-C723784F0F4A}.Debug|Win32.Build.0 = Debug|Win32
		{818DF75D-345C-481A-8265-C723784F0F4A}.Debug|x64.ActiveCfg = Debug|x64
		{818DF75D-345C-481A-8265-C723784F0F4A}.Debug|x64.Build.0 = Debug|x64
		{818DF75D-345C-481A-8265-C723784F0F4A}.Release|Win32.ActiveCfg = Release|Win32
		{818DF75D-345C-481A-8265-C723784F0F4A}.Release|Win32.Build.0 = Release|Win32
		{818DF75D-345C-481A-8265-C723784F0F4A}.Release|x64.ActiveCfg = Release|x64
		{818DF75D-345C-481A-8265-C723784F0F4A}.Release|x64.Build.0 = Release|x64
		{6B4C1420-CD0A-401B-BF70-AA58685958C6}.Debug|Win32.ActiveCfg = Debug|Win32
		{6B4C1420-CD0A-401B-BF70-AA58685958C6}.Debug|Win32.Build.0 = Debug|Win32
		{6B4C1420-CD0A-401B-BF70-AA58685958C6}.Debug|x64.ActiveCfg = Debug|x64
		{6B4C1420-CD0A-401B-BF70-AA58685958C6}.Debug|x64.Build.0 = Debug|x64
		{6B4C1420-CD0A-401B-BF70-AA58685958C6}.Release|Win32.ActiveCfg = Release|Win32
		{6B4C1420-CD0A-401B-BF70-AA58685958C6}.Release|Win32.Build.0 = Release|Win32
		{6B4C1420-CD0A-401B-BF70-AA58685958C6}.Release|x64.ActiveCfg = Release|x64
		{6B4C1420-CD0A-401B-BF70-AA58685958C6}.Release|x64.Build.0 = Release|x64
		{84C0BCA4-D074-48FC-8A19-6151CC996451}.Debug|Win32.ActiveCfg = Debug|Win32
		{84C0BCA4-D074-48FC-8A19-6151CC996451}.Debug|Win32.Build.0 = Debug|Win32
		{84C0BCA4-D074-48FC-8A19-6151CC996451}.Debug|x64.ActiveCfg = Debug|x64
		{84C0BCA4-D074-48FC-8A19-6151CC996451}.Debug|x64.Build.0 = Debug|x64
		{84C0BCA4-D074-48FC-8A19-6151CC996451}.Release|Win32.ActiveCfg = Release|Win32
		{84C0BCA4-D074-48FC-8A19-6151CC996451}.Release|Win32.Build.0 = Release|Win32
		{84C0BCA4-D074-48FC-8A19-6151CC996451}.Release|x64.ActiveCfg = Release|x64
		{84C0BCA4-D074-48FC-8A19-6151CC996451}.Release|x64.Build.0 = Release|x64
		{DF4966AA-0E33-4A77-B985-3EAC04DEAE42}.Debug|Win32.ActiveCfg = Debug|Win32
		{DF4966AA-0E33-4A77-B985-3EAC04DEAE42}.Debug|Win32.Build.0 = Debug|Win32
		{DF4966AA-0E33-4A77-B985-3EAC04DEAE42}.Debug|x64.ActiveCfg = Debug|x64
		{DF4966AA-0E33-4A77-B985-3EAC04DEAE42}.Debug|x64.Build.0 = Debug|x64
		{DF4966AA-0E33-4A77-B985-3EAC04DEAE42}.Release|Win32.ActiveCfg = Release|Win32
		{DF4966AA-0E33-4A77-B985-3EAC04DEAE42}.Release|Win32.Build.0 = Release|Win32
		{DF4966AA-0E33-4A77-B985-3EAC04DEAE42}.Release|x64.ActiveCfg = Release|x64
		{DF4966AA-0E33-4A77-B985-3EAC04DEAE42}.Release|x64.Build.0 = Release|x64
		{155802F5-F93A-4E98-B4F3-08B8C63FCD88}.Debug|Win32.ActiveCfg = Debug|Win32
		{155802F5-F93A-4E98-B4F3-08B8C63FCD88}.Debug|Win32.Build.0 = Debug|Win32
		{155802F5-F93A-4E98-B4F3-08B8C63FCD88}.Debug|x64.ActiveCfg = Debug|x64
		{155802F5-F93A-4E98-B4F3-08B8C63FCD88}.Debug|x64.Build.0 = Debug|x64
		{155802F5-F93A-4E98-B4F3-08B8C63FCD88}.Release|Win32.ActiveCfg = Release|Win32
		{155802F5-F93A-4E98-B4F3-08B8C63FCD88}.Release|Win32.Build.0 = Release|Win32
		{155802F5-F93A-4E98-B4F3-08B8C63FCD88}.Release|x64.ActiveCfg = Release|x64
		{155802F5-F93A-4E98-B4F3-08B8C63FCD88}.Release|x64.Build.0 = Release|x64
		{440B35F5-F200-4B5E-AA9F-12300484BA25}.Debug|Win32.ActiveCfg = Debug|Win32
		{440B35F5-F200-4B5E-AA9F-12300484BA25}.Debug|Win32.Build.0 = Debug|Win32
		{440B35F5-F200-4B5E-AA9F-12300484BA25}.Debug|x64.ActiveCfg = Debug|x64
		{440B35F5-F200-4B5E-AA9F-12300484BA25}.Debug|x64.Build.0 = Debug|x64
		{440B35F5-F200-4B5E-AA9F-12300484BA25}.Release|Win32.ActiveCfg = Release|Win32
		{440B35F5-F200-4B5E-AA9F-12300484BA25}.Release|Win32.Build.0 = Release|Win32
		{440B35F5-F200-4B5E-AA9F-12300484BA25}.Release|x64.ActiveCfg = Release|x64
		{440B35F5-F200-4B5E-AA9F-12300484BA25}.Release|x64.Build.0 = Release|x64
		{2AD21D8F-FEFC-411A-A9F4-4A0961E13BA0}.Debug|Win32.ActiveCfg = Debug|Win32
		{2AD21D8F-FEFC-411A-A9F4-4A0961E13BA0}.Debug|Win32.Build.0 = Debug|Win32
		{2AD21D8F-FEFC-411A-A9F4-4A0961E13BA0}.Debug|x64.ActiveCfg = Debug|x64
		{2AD21D8F-FEFC-411A-A9F4-4A0961E13BA0}.Debug|x64.Build.0 = Debug|x64
		{2AD21D8F-FEFC-411A-A9F4-4A0961E13BA0}.Release|Win32.ActiveCfg = Release|Win32
		{2AD21D8F-FEFC-411A-A9F4-4A0961E13BA0}.Release|Win32.Build.0 = Release|Win32
		{2AD21D8F-FEFC-411A-A9F4-4A0961E13BA0}.Release|x64.ActiveCfg = Release|x64
		{2AD21D8F-FEFC-411A-A9F4-4A0961E13BA0}.Release|x64.Build.0 = Release|x64
		{6873BEC5-87E3-403C-AB85-D68BD1BCD253}.Debug|Win32.ActiveCfg = Debug|Win32
		{6873BEC5-87E3-403C-AB85-D68BD1BCD253}.Debug|Win32.Build.0 = Debug|Win32
		{6873BEC5-87E3-403C-AB85-D68BD1BCD253}.Debug|x64.ActiveCfg = Debug|x64
		{6873BEC5-87E3-403C-AB85-D68BD1BCD253}.Debug|x64.Build.0 = Debug|x64
		{6873BEC5-87E3-403C-AB85-D68BD1BCD253}.Release|Win32.ActiveCfg = Release|Win32
		{6873BEC5-87E3-403C-AB85-D68BD1BCD253}.Release|Win32.Build.0 = Release|Win32
		{6873BEC5-87E3-403C-AB85-D68BD1BCD253}.Release|x64.ActiveCfg = Release|x64
		{6873BEC5-87E3-403C-AB85-D68BD1BCD253}.Release|x64.Build.0 = Release|x64
		{0B3D5F07-D573-4C71-812F-D5FB747CBFDF}.Debug|Win32.ActiveCfg = Debug|Win32
		{0B3D5F07-D573-4C71-812F-D5FB747CBFDF}.Debug|Win32.Build.0 = Debug|Win32
		{0B3D5F07-D573-4C71-812F-D5FB747CBFDF}.Debug|x64.ActiveCfg = Debug|x64
		{0B3D5F07-D573-4C71-812F-D5FB747CBFDF}.Debug|x64.Build.0 = Debug|x64
		{0B3D5F07-D573-4C71-812F-D5FB747CBFDF}.Release|Win32.ActiveCfg = Release|Win32
		{0B3D5F07-D573-4C71-812F-D5FB747CBFDF}.Release|Win32.Build.0 = Release|Win32
		{0B3D5F07-D573-4C71-812F-D5FB747CBFDF}.Release|x64.ActiveCfg = Release|x64
		{0B3D5F07-D573-4C71-812F-D5FB747CBFDF}.Release|x64.Build.0 = Release|x64
		{523994A7-84D9-49EF-BF95-10A717D776B9}.Debug|Win32.ActiveCfg = Debug|Win32
		{523994A7-84D9-49EF-BF95-10A717D776B9}.Debug|Win32.Build.0 = Debug|Win32
		{523994A7-84D9-49EF-BF95-10A717D776B9}.Debug|x64.ActiveCfg = Debug|x64
		{523994A7-84D9-49EF-BF95-10A717D776B9}.Debug|x64.Build.0 = Debug|x64
		{523994A7-84D9-49EF-BF95-10A717D776B9}.Release|Win32.ActiveCfg = Release|Win32
		{523994A7-84D9-49EF-BF95-10A717D776B9}.Release|Win32.Build.0 = Release|Win32
		{523994A7-84D9-49EF-BF95-10A717D776B9}.Release|x64.ActiveCfg = Release|x64
		{523994A7-84D9-49EF-BF95-10A717D776B9}.Release|x64.Build.0 = Release|x64
		{5C9FD95E-DBDA-480B-A181-CA87FB9A88B5}.Debug|Win32.ActiveCfg = Debug|Win32
		{5C9FD95E-DBDA-480B-A181-CA87FB9A88B5}.Debug|Win32.Build.0 = Debug|Win32
		{5C9FD95E-DBDA-480B-A181-CA87FB9A88B5}.Debug|x64.ActiveCfg = Debug|x64
		{5C9FD95E-DBDA-480B-A181-CA87FB9A88B5}.Debug|x64.Build.0 = Debug|x64
		{5C9FD95E-DBDA-480B-A181-CA87FB9A88B5}.Release|Win32.ActiveCfg = Release|Win32
		{5C9FD95E-DBDA-480B-A181-CA87FB9A88B5}.Release|Win32.Build.0 = Release|Win32
		{5C9FD95E-DBDA-480B-A181-CA87FB9A88B5}.Release|x64.ActiveCfg = Release|x64
		{5C9FD95E-DBDA-480B-A181-CA87FB9A88B5}.Release|x64.Build.0 = Release|x64
		{3ABDEB24-0F9A-4B9A-AE61-528B356AB3A9}.Debug|Win32.ActiveCfg = Debug|Win32
		{3ABDEB24-0F9A-4B9A-AE61-528B356AB3A9}.Debug|Win32.Build.0 = Debug|Win32
		{3ABDEB24-0F9A-4B9A-AE61-528B356AB3A9}.Debug|x64.ActiveCfg = Debug|x64
		{3ABDEB24-0F9A-4B9A-AE61-528B356AB3A9}.Debug|x64.Build.0 = Debug|x64
		{3ABDEB24-0F9A-4B9A-AE61-528B356AB3A9}.Release|Win32.ActiveCfg = Release|Win32
		{3ABDEB24-0F9A-4B9A-AE61-528B356AB3A9}.Release|Win32.Build.0 = Release|Win32
		{3ABDEB24-0F9A-4B9A-AE61-528B356AB3A9}.Release|x64.ActiveCfg = Release|x64
		{3ABDEB24-0F9A-4B9A-AE61-528B356AB3A9}.Release|x64.Build.0 = Release|x64
		{2496DF84-1D4E-4860-9072-38047C37F5B6}.Debug|Win32.ActiveCfg = Debug|Win32
		{2496DF84-1D4E-4860-9072-38047C37F5B6}.Debug|Win32.Build.0 = Debug|Win32
		{2496DF84-1D4E-4860-9072-38047C37F5B6}.Debug|x64.ActiveCfg = Debug|x64
		{2496DF84-1D4E-4860-9072-38047C37F5B6}.Debug|x64.Build.0 = Debug|x64
		{2496DF84-1D4E-4860-9072-38047C37F5B6}.Release|Win32.ActiveCfg = Release|Win32
		{2496DF84-1D4E-4860-9072-38047C37F5B6}.Release|Win32.Build.0 = Release|Win32
		{2496DF84-1D4E-4860-9072-38047C37F5B6}.Release|x64.ActiveCfg = Release|x64
		{2496DF84-1D4E-4860-9072-38047C37F5B6}.Release|x64.Build.0 = Release|x64
		{CB7C6619-BFDC-4F0D-A4C9-B24B3D00C773}.Debug|Win32.ActiveCfg = Debug|Win32
		{CB7C6619-BFDC-4F0D-A4C9-B24B3D00C773}.Debug|Win32.Build.0 = Debug|Win32
		{CB7C6619-BFDC-4F0D-A4C9-B24B3D00C773}.Debug|x64.ActiveCfg = Debug|x64
		{CB7C6619-BFDC-4F0D-A4C9-B24B3D00C773}.Debug|x64.Build.0 = Debug|x64
		{CB7C6619-BFDC-4F0D-A4C9-B24B3D00C773}.Release|Win32.ActiveCfg = Release|Win32
		{CB7C6619-BFDC-4F0D-A4C9-B24B3D00C773}.Release|Win32.Build.0 = Release|Win32
		{CB7C6619-BFDC-4F0D-A4C9-B24B3D00C773}.Release|x64.ActiveCfg = Release|x64
		{CB7C6619-BFDC-4F0D-A4C9-B24B3D00C773}.Release|x64.Build.0 = Release|x64
		{FACDD773-5458-4B73-9364-5C67B8FFC3F4}.Debug|Win32.ActiveCfg = Debug|Win32
		{FACDD773-5458-4B73-9364-5C67B8FFC3F4}.Debug|Win32.Build.0 = Debug|Win32
		{FACDD773-5458-4B73-9364-5C67B8FFC3F4}.Debug|x64.ActiveCfg = Debug|x64
		{FACDD773-5458-4B73-9364-5C67B8FFC3F4}.Debug|x64.Build.0 = Debug|x64
		{FACDD773-5458-4B73-9364-5C67B8FFC3F4}.Release|Win32.ActiveCfg = Release|Win32
		{FACDD773-5458-4B73-9364-5C67B8FFC3F4}.Release|Win32.Build.0 = Release|Win32
		{FACDD773-5458-4B73-9364-5C67B8FFC3F4}.Release|x64.ActiveCfg = Release|x64
		{FACDD773-5458-4B73-9364-5C67B8FFC3F4}.Release|x64.Build.0 = Release|x64
		{44F55D26-4477-4748-A98F-2769A0EC1775}.Debug|Win32.ActiveCfg = Debug|Win32
		{44F55D26-4477-4748-A98F-2769A0EC1775}.Debug|Win32.Build.0 = Debug|Win32
		{44F55D26-4477-4748-A98F-2769A0EC1775}.Debug|x64.ActiveCfg = Debug|x64
		{44F55D26-4477-4748-A98F-2769A0EC1775}.Debug|x64.Build.0 = Debug|x64
		{44F55D26-4477-4748-A98F-2769A0EC1775}.Release|Win32.ActiveCfg = Release|Win32
		{44F55D26-4477-4748-A98F-2769A0EC1775}.Release|Win32.Build.0 = Release|Win32
		{44F55D26-4477-4748-A98F-2769A0EC1775}.Release|x64.ActiveCfg = Release|x64
		{44F55D26-4477-4748-A98F-2769A0EC1775}.Release|x64.Build.0 = Release|x64
		{9D8437D9-5D6D-4D01-8EB0-06072C8290C6}.Debug|Win32.ActiveCfg = Debug|Win32
		{9D8437D9-5D6D-4D01-8EB0-06072C8290C6}.Debug|Win32.Build.0 = Debug|Win32
		{9D8437D9-5D6D-4D01-8EB0-06072C8290C6}.Debug|x64.ActiveCfg = Debug|x64
		{9D8437D9-5D6D-4D01-8EB0-06072C8290C6}.Debug|x64.Build.0 = Debug|x64
		{9D8437D9-5D6D-4D01-8EB0-06072C8290C6}.Release|Win32.ActiveCfg = Release|Win32
		{9D8437D9-5D6D-4D01-8EB0-06072C8290C6}.Release|Win32.Build.0 = Release|Win32
		{9D8437D9-5D6D-4D01-8EB0-06072C8290C6}.Release|x64.ActiveCfg = Release|x64
		{9D8437D9-5D6D-4D01-8EB0-06072C8290C6}.Release|x64.Build.0 = Release|x64
		{65CFF1C6-A32C-46DA-91F0-C99E498182C4}.Debug|Win32.ActiveCfg = Debug|Win32
		{65CFF1C6-A32C-46DA-91F0-C99E498182C4}.Debug|Win32.Build.0 = Debug|Win32
		{65CFF1C6-A32C-46DA-91F0-C99E498182C4}.Debug|x64.ActiveCfg = Debug|x64
		{65CFF1C6-A32C-46DA-91F0-C99E498182C4}.Debug|x64.Build.0 = Debug|x64
		{65CFF1C6-A32C-46DA-91F0-C99E498182C4}.Release|Win32.ActiveCfg = Release|Win32
		{65CFF1C6-A32C-46DA-91F0-C99E498182C4}.Release|Win32.Build.0 = Release|Win32
		{65CFF1C6-A32C-46DA-91F0-C99E498182C4}.Release|x64.ActiveCfg = Release|x64
		{65CFF1C6-A32C-46DA-91F0-C99E498182C4}.Release|x64.Build.0 = Release|x64
		{96B7FC6E-AB4C-4688-AFC9-C27BC57331E6}.Debug|Win32.ActiveCfg = Debug|Win32
		{96B7FC6E-AB4C-4688-AFC9-C27BC57331E6}.Debug|Win32.Build.0 = Debug|Win32
		{96B7FC6E-AB4C-4688-AFC9-C27BC57331E6}.Debug|x64.ActiveCfg = Debug|Win32
		{96B7FC6E-AB4C-4688-AFC9-C27BC57331E6}.Release|Win32.ActiveCfg = Release|Win32
		{96B7FC6E-AB4C-4688-AFC9-C27BC57331E6}.Release|Win32.Build.0 = Release|Win32
		{96B7FC6E-AB4C-4688-AFC9-C27BC57331E6}.Release|x64.ActiveCfg = Release|x64
		{96B7FC6E-AB4C-4688-AFC9-C27BC57331E6}.Release|x64.Build.0 = Release|x64
		{9DD847B4-603E-4736-AC74-5B9C60D8140C}.Debug|Win32.ActiveCfg = Debug|Win32
		{9DD847B4-603E-4736-AC74-5B9C60D8140C}.Debug|Win32.Build.0 = Debug|Win32
		{9DD847B4-603E-4736-AC74-5B9C60D8140C}.Debug|x64.ActiveCfg = Debug|Win32
		{9DD847B4-603E-4736-AC74-5B9C60D8140C}.Release|Win32.ActiveCfg = Release|Win32
		{9DD847B4-603E-4736-AC74-5B9C60D8140C}.Release|Win32.Build.0 = Release|Win32
		{9DD847B4-603E-4736-AC74-5B9C60D8140C}.Release|x64.ActiveCfg = Release|x64
		{9DD847B4-603E-4736-AC74-5B9C60D8140C}.Release|x64.Build.0 = Release|x64
	EndGlobalSection
	GlobalSection(SolutionProperties) = preSolution
		HideSolutionNode = FALSE
	EndGlobalSection
	GlobalSection(ExtensibilityGlobals) = postSolution
		SolutionGuid = {0420CF46-AEBD-4BE2-AF46-2E9043C8AD5B}
	EndGlobalSection
EndGlobal
