
Microsoft Visual Studio Solution File, Format Version 11.00
# Visual C++ Express 2010
Project("{8BC9CEB8-8B4A-11D0-8D11-00A0C91BC942}") = "PanN", "PanN\PanN.vcxproj", "{60835FCD-BB1A-478C-8B1B-766E14987F23}"
EndProject
Project("{8BC9CEB8-8B4A-11D0-8D11-00A0C91BC942}") = "ABSaturator", "ABSaturator\ABSaturator.vcxproj", "{6D62FA93-F49A-4D42-82AF-F5ABED6B5678}"
EndProject
Project("{8BC9CEB8-8B4A-11D0-8D11-00A0C91BC942}") = "Bitcrusher", "Bitcrusher\Bitcrusher.vcxproj", "{DBB9C041-D133-4016-BA1C-61B3ED1B4FE5}"
EndProject
Project("{8BC9CEB8-8B4A-11D0-8D11-00A0C91BC942}") = "FIR", "FIR\FIR.vcxproj", "{80E271F7-CD51-414A-9D81-0D06792BBBA3}"
EndProject
Project("{8BC9CEB8-8B4A-11D0-8D11-00A0C91BC942}") = "KasFilter", "KasFilter\KasFilter.vcxproj", "{12F17D5F-69A5-497D-A510-F0B085EB8F73}"
EndProject
Project("{8BC9CEB8-8B4A-11D0-8D11-00A0C91BC942}") = "MagicSine", "MagicSine\MagicSine.vcxproj", "{60BF80FB-A180-4103-BFEE-A52C6730FE9C}"
EndProject
Global
	GlobalSection(SolutionConfigurationPlatforms) = preSolution
		Debug|Win32 = Debug|Win32
		Release|Win32 = Release|Win32
	EndGlobalSection
	GlobalSection(ProjectConfigurationPlatforms) = postSolution
		{60835FCD-BB1A-478C-8B1B-766E14987F23}.Debug|Win32.ActiveCfg = Debug|Win32
		{60835FCD-BB1A-478C-8B1B-766E14987F23}.Debug|Win32.Build.0 = Debug|Win32
		{60835FCD-BB1A-478C-8B1B-766E14987F23}.Release|Win32.ActiveCfg = Release|Win32
		{60835FCD-BB1A-478C-8B1B-766E14987F23}.Release|Win32.Build.0 = Release|Win32
		{6D62FA93-F49A-4D42-82AF-F5ABED6B5678}.Debug|Win32.ActiveCfg = Debug|Win32
		{6D62FA93-F49A-4D42-82AF-F5ABED6B5678}.Debug|Win32.Build.0 = Debug|Win32
		{6D62FA93-F49A-4D42-82AF-F5ABED6B5678}.Release|Win32.ActiveCfg = Release|Win32
		{6D62FA93-F49A-4D42-82AF-F5ABED6B5678}.Release|Win32.Build.0 = Release|Win32
		{DBB9C041-D133-4016-BA1C-61B3ED1B4FE5}.Debug|Win32.ActiveCfg = Debug|Win32
		{DBB9C041-D133-4016-BA1C-61B3ED1B4FE5}.Debug|Win32.Build.0 = Debug|Win32
		{DBB9C041-D133-4016-BA1C-61B3ED1B4FE5}.Release|Win32.ActiveCfg = Release|Win32
		{DBB9C041-D133-4016-BA1C-61B3ED1B4FE5}.Release|Win32.Build.0 = Release|Win32
		{80E271F7-CD51-414A-9D81-0D06792BBBA3}.Debug|Win32.ActiveCfg = Debug|Win32
		{80E271F7-CD51-414A-9D81-0D06792BBBA3}.Debug|Win32.Build.0 = Debug|Win32
		{80E271F7-CD51-414A-9D81-0D06792BBBA3}.Release|Win32.ActiveCfg = Release|Win32
		{80E271F7-CD51-414A-9D81-0D06792BBBA3}.Release|Win32.Build.0 = Release|Win32
		{12F17D5F-69A5-497D-A510-F0B085EB8F73}.Debug|Win32.ActiveCfg = Debug|Win32
		{12F17D5F-69A5-497D-A510-F0B085EB8F73}.Debug|Win32.Build.0 = Debug|Win32
		{12F17D5F-69A5-497D-A510-F0B085EB8F73}.Release|Win32.ActiveCfg = Release|Win32
		{12F17D5F-69A5-497D-A510-F0B085EB8F73}.Release|Win32.Build.0 = Release|Win32
		{60BF80FB-A180-4103-BFEE-A52C6730FE9C}.Debug|Win32.ActiveCfg = Debug|Win32
		{60BF80FB-A180-4103-BFEE-A52C6730FE9C}.Debug|Win32.Build.0 = Debug|Win32
		{60BF80FB-A180-4103-BFEE-A52C6730FE9C}.Release|Win32.ActiveCfg = Release|Win32
		{60BF80FB-A180-4103-BFEE-A52C6730FE9C}.Release|Win32.Build.0 = Release|Win32
	EndGlobalSection
	GlobalSection(SolutionProperties) = preSolution
		HideSolutionNode = FALSE
	EndGlobalSection
EndGlobal
