// !$*UTF8*$!
{
	archiveVersion = 1;
	classes = {
	};
	objectVersion = 46;
	objects = {

/* Begin PBXBuildFile section */
		0929B91D1D13385E00B8DE4D /* d_fft_mayer.c in Sources */ = {isa = PBXBuildFile; fileRef = 0929B9181D13385E00B8DE4D /* d_fft_mayer.c */; };
		0929B91E1D13385E00B8DE4D /* sigmund-dsp.c in Sources */ = {isa = PBXBuildFile; fileRef = 0929B9191D13385E00B8DE4D /* sigmund-dsp.c */; };
		0929B91F1D13385E00B8DE4D /* sigmund.c in Sources */ = {isa = PBXBuildFile; fileRef = 0929B91A1D13385E00B8DE4D /* sigmund.c */; };
		0929B9201D13385E00B8DE4D /* Sigmund.cpp in Sources */ = {isa = PBXBuildFile; fileRef = 0929B91B1D13385E00B8DE4D /* Sigmund.cpp */; };
/* End PBXBuildFile section */

/* Begin PBXCopyFilesBuildPhase section */
		0929B8851D12A85B00B8DE4D /* CopyFiles */ = {
			isa = PBXCopyFilesBuildPhase;
			buildActionMask = 2147483647;
			dstPath = "include/$(PRODUCT_NAME)";
			dstSubfolderSpec = 16;
			files = (
			);
			runOnlyForDeploymentPostprocessing = 0;
		};
/* End PBXCopyFilesBuildPhase section */

/* Begin PBXFileReference section */
		0929B8871D12A85B00B8DE4D /* Sigmund.schug */ = {isa = PBXFileReference; explicitFileType = archive.ar; includeInIndex = 0; path = Sigmund.schug; sourceTree = BUILT_PRODUCTS_DIR; };
		0929B9181D13385E00B8DE4D /* d_fft_mayer.c */ = {isa = PBXFileReference; fileEncoding = 4; lastKnownFileType = sourcecode.c.c; path = d_fft_mayer.c; sourceTree = SOURCE_ROOT; };
		0929B9191D13385E00B8DE4D /* sigmund-dsp.c */ = {isa = PBXFileReference; fileEncoding = 4; lastKnownFileType = sourcecode.c.c; path = "sigmund-dsp.c"; sourceTree = SOURCE_ROOT; };
		0929B91A1D13385E00B8DE4D /* sigmund.c */ = {isa = PBXFileReference; fileEncoding = 4; lastKnownFileType = sourcecode.c.c; path = sigmund.c; sourceTree = SOURCE_ROOT; };
		0929B91B1D13385E00B8DE4D /* Sigmund.cpp */ = {isa = PBXFileReference; fileEncoding = 4; lastKnownFileType = sourcecode.cpp.cpp; path = Sigmund.cpp; sourceTree = SOURCE_ROOT; };
		0929B91C1D13385E00B8DE4D /* Sigmund.h */ = {isa = PBXFileReference; fileEncoding = 4; lastKnownFileType = sourcecode.c.h; path = Sigmund.h; sourceTree = SOURCE_ROOT; };
/* End PBXFileReference section */

/* Begin PBXFrameworksBuildPhase section */
		0929B8841D12A85B00B8DE4D /* Frameworks */ = {
			isa = PBXFrameworksBuildPhase;
			buildActionMask = 2147483647;
			files = (
			);
			runOnlyForDeploymentPostprocessing = 0;
		};
/* End PBXFrameworksBuildPhase section */

/* Begin PBXGroup section */
		0929B87E1D12A85B00B8DE4D = {
			isa = PBXGroup;
			children = (
				0929B8891D12A85B00B8DE4D /* Sigmund */,
				0929B8881D12A85B00B8DE4D /* Products */,
			);
			sourceTree = "<group>";
		};
		0929B8881D12A85B00B8DE4D /* Products */ = {
			isa = PBXGroup;
			children = (
				0929B8871D12A85B00B8DE4D /* Sigmund.schug */,
			);
			name = Products;
			sourceTree = "<group>";
		};
		0929B8891D12A85B00B8DE4D /* Sigmund */ = {
			isa = PBXGroup;
			children = (
				0929B9181D13385E00B8DE4D /* d_fft_mayer.c */,
				0929B9191D13385E00B8DE4D /* sigmund-dsp.c */,
				0929B91A1D13385E00B8DE4D /* sigmund.c */,
				0929B91B1D13385E00B8DE4D /* Sigmund.cpp */,
				0929B91C1D13385E00B8DE4D /* Sigmund.h */,
			);
			path = Sigmund;
			sourceTree = "<group>";
		};
/* End PBXGroup section */

/* Begin PBXNativeTarget section */
		0929B8861D12A85B00B8DE4D /* Sigmund */ = {
			isa = PBXNativeTarget;
			buildConfigurationList = 0929B8901D12A85B00B8DE4D /* Build configuration list for PBXNativeTarget "Sigmund" */;
			buildPhases = (
				0929B8831D12A85B00B8DE4D /* Sources */,
				0929B8841D12A85B00B8DE4D /* Frameworks */,
				0929B8851D12A85B00B8DE4D /* CopyFiles */,
			);
			buildRules = (
			);
			dependencies = (
			);
			name = Sigmund;
			productName = Sigmund;
			productReference = 0929B8871D12A85B00B8DE4D /* Sigmund.schug */;
			productType = "com.apple.product-type.library.static";
		};
/* End PBXNativeTarget section */

/* Begin PBXProject section */
		0929B87F1D12A85B00B8DE4D /* Project object */ = {
			isa = PBXProject;
			attributes = {
				LastUpgradeCheck = 0730;
				ORGANIZATIONNAME = "Spencer Salazar";
				TargetAttributes = {
					0929B8861D12A85B00B8DE4D = {
						CreatedOnToolsVersion = 7.3.1;
					};
				};
			};
			buildConfigurationList = 0929B8821D12A85B00B8DE4D /* Build configuration list for PBXProject "Sigmund" */;
			compatibilityVersion = "Xcode 3.2";
			developmentRegion = English;
			hasScannedForEncodings = 0;
			knownRegions = (
				en,
			);
			mainGroup = 0929B87E1D12A85B00B8DE4D;
			productRefGroup = 0929B8881D12A85B00B8DE4D /* Products */;
			projectDirPath = "";
			projectRoot = "";
			targets = (
				0929B8861D12A85B00B8DE4D /* Sigmund */,
			);
		};
/* End PBXProject section */

/* Begin PBXSourcesBuildPhase section */
		0929B8831D12A85B00B8DE4D /* Sources */ = {
			isa = PBXSourcesBuildPhase;
			buildActionMask = 2147483647;
			files = (
				0929B91D1D13385E00B8DE4D /* d_fft_mayer.c in Sources */,
				0929B91F1D13385E00B8DE4D /* sigmund.c in Sources */,
				0929B91E1D13385E00B8DE4D /* sigmund-dsp.c in Sources */,
				0929B9201D13385E00B8DE4D /* Sigmund.cpp in Sources */,
			);
			runOnlyForDeploymentPostprocessing = 0;
		};
/* End PBXSourcesBuildPhase section */

/* Begin XCBuildConfiguration section */
		0929B88E1D12A85B00B8DE4D /* Debug */ = {
			isa = XCBuildConfiguration;
			buildSettings = {
				ALWAYS_SEARCH_USER_PATHS = NO;
				CLANG_ANALYZER_NONNULL = YES;
				CLANG_CXX_LANGUAGE_STANDARD = "gnu++0x";
				CLANG_CXX_LIBRARY = "libc++";
				CLANG_ENABLE_MODULES = YES;
				CLANG_ENABLE_OBJC_ARC = YES;
				CLANG_WARN_BOOL_CONVERSION = YES;
				CLANG_WARN_CONSTANT_CONVERSION = YES;
				CLANG_WARN_DIRECT_OBJC_ISA_USAGE = YES_ERROR;
				CLANG_WARN_EMPTY_BODY = YES;
				CLANG_WARN_ENUM_CONVERSION = YES;
				CLANG_WARN_INT_CONVERSION = YES;
				CLANG_WARN_OBJC_ROOT_CLASS = YES_ERROR;
				CLANG_WARN_UNREACHABLE_CODE = YES;
				CLANG_WARN__DUPLICATE_METHOD_MATCH = YES;
				"CODE_SIGN_IDENTITY[sdk=iphoneos*]" = "iPhone Developer";
				COPY_PHASE_STRIP = NO;
				DEBUG_INFORMATION_FORMAT = dwarf;
				ENABLE_STRICT_OBJC_MSGSEND = YES;
				ENABLE_TESTABILITY = YES;
				GCC_C_LANGUAGE_STANDARD = gnu99;
				GCC_DYNAMIC_NO_PIC = NO;
				GCC_NO_COMMON_BLOCKS = YES;
				GCC_OPTIMIZATION_LEVEL = 0;
				GCC_PREPROCESSOR_DEFINITIONS = (
					"DEBUG=1",
					"$(inherited)",
				);
				GCC_WARN_64_TO_32_BIT_CONVERSION = YES;
				GCC_WARN_ABOUT_RETURN_TYPE = YES_ERROR;
				GCC_WARN_UNDECLARED_SELECTOR = YES;
				GCC_WARN_UNINITIALIZED_AUTOS = YES_AGGRESSIVE;
				GCC_WARN_UNUSED_FUNCTION = YES;
				GCC_WARN_UNUSED_VARIABLE = YES;
				IPHONEOS_DEPLOYMENT_TARGET = 6.0;
				MTL_ENABLE_DEBUG_INFO = YES;
				ONLY_ACTIVE_ARCH = YES;
				SDKROOT = iphoneos;
			};
			name = Debug;
		};
		0929B88F1D12A85B00B8DE4D /* Release */ = {
			isa = XCBuildConfiguration;
			buildSettings = {
				ALWAYS_SEARCH_USER_PATHS = NO;
				CLANG_ANALYZER_NONNULL = YES;
				CLANG_CXX_LANGUAGE_STANDARD = "gnu++0x";
				CLANG_CXX_LIBRARY = "libc++";
				CLANG_ENABLE_MODULES = YES;
				CLANG_ENABLE_OBJC_ARC = YES;
				CLANG_WARN_BOOL_CONVERSION = YES;
				CLANG_WARN_CONSTANT_CONVERSION = YES;
				CLANG_WARN_DIRECT_OBJC_ISA_USAGE = YES_ERROR;
				CLANG_WARN_EMPTY_BODY = YES;
				CLANG_WARN_ENUM_CONVERSION = YES;
				CLANG_WARN_INT_CONVERSION = YES;
				CLANG_WARN_OBJC_ROOT_CLASS = YES_ERROR;
				CLANG_WARN_UNREACHABLE_CODE = YES;
				CLANG_WARN__DUPLICATE_METHOD_MATCH = YES;
				"CODE_SIGN_IDENTITY[sdk=iphoneos*]" = "iPhone Developer";
				COPY_PHASE_STRIP = NO;
				DEBUG_INFORMATION_FORMAT = "dwarf-with-dsym";
				ENABLE_NS_ASSERTIONS = NO;
				ENABLE_STRICT_OBJC_MSGSEND = YES;
				GCC_C_LANGUAGE_STANDARD = gnu99;
				GCC_NO_COMMON_BLOCKS = YES;
				GCC_WARN_64_TO_32_BIT_CONVERSION = YES;
				GCC_WARN_ABOUT_RETURN_TYPE = YES_ERROR;
				GCC_WARN_UNDECLARED_SELECTOR = YES;
				GCC_WARN_UNINITIALIZED_AUTOS = YES_AGGRESSIVE;
				GCC_WARN_UNUSED_FUNCTION = YES;
				GCC_WARN_UNUSED_VARIABLE = YES;
				IPHONEOS_DEPLOYMENT_TARGET = 6.0;
				MTL_ENABLE_DEBUG_INFO = NO;
				SDKROOT = iphoneos;
				VALIDATE_PRODUCT = YES;
			};
			name = Release;
		};
		0929B8911D12A85B00B8DE4D /* Debug */ = {
			isa = XCBuildConfiguration;
			buildSettings = {
				EXECUTABLE_EXTENSION = schug;
				EXECUTABLE_PREFIX = "";
				GCC_PREPROCESSOR_DEFINITIONS = (
					"DEBUG=1",
					__CK_DLL_STATIC__,
					__MACOSX_CORE__,
				);
				HEADER_SEARCH_PATHS = "$(PROJECT_DIR)/../chuck/include/";
				PRODUCT_NAME = "$(TARGET_NAME)";
				SKIP_INSTALL = YES;
			};
			name = Debug;
		};
		0929B8921D12A85B00B8DE4D /* Release */ = {
			isa = XCBuildConfiguration;
			buildSettings = {
				EXECUTABLE_EXTENSION = schug;
				EXECUTABLE_PREFIX = "";
				GCC_OPTIMIZATION_LEVEL = 3;
				GCC_PREPROCESSOR_DEFINITIONS = (
					__MACOSX_CORE__,
					__CK_DLL_STATIC__,
				);
				HEADER_SEARCH_PATHS = "$(PROJECT_DIR)/../chuck/include/";
				PRODUCT_NAME = "$(TARGET_NAME)";
				SKIP_INSTALL = YES;
			};
			name = Release;
		};
/* End XCBuildConfiguration section */

/* Begin XCConfigurationList section */
		0929B8821D12A85B00B8DE4D /* Build configuration list for PBXProject "Sigmund" */ = {
			isa = XCConfigurationList;
			buildConfigurations = (
				0929B88E1D12A85B00B8DE4D /* Debug */,
				0929B88F1D12A85B00B8DE4D /* Release */,
			);
			defaultConfigurationIsVisible = 0;
			defaultConfigurationName = Release;
		};
		0929B8901D12A85B00B8DE4D /* Build configuration list for PBXNativeTarget "Sigmund" */ = {
			isa = XCConfigurationList;
			buildConfigurations = (
				0929B8911D12A85B00B8DE4D /* Debug */,
				0929B8921D12A85B00B8DE4D /* Release */,
			);
			defaultConfigurationIsVisible = 0;
			defaultConfigurationName = Release;
		};
/* End XCConfigurationList section */
	};
	rootObject = 0929B87F1D12A85B00B8DE4D /* Project object */;
}
